// !$*UTF8*$!
{
	archiveVersion = 1;
	classes = {
	};
	objectVersion = 46;
	objects = {

/* Begin PBXBuildFile section */
		0032088691094C26A1F301F4 /* CDVDevice.m in Sources */ = {isa = PBXBuildFile; fileRef = 9973D384FACC4FF7A86CC21F /* CDVDevice.m */; };
		0207DA581B56EA530066E2B4 /* Images.xcassets in Resources */ = {isa = PBXBuildFile; fileRef = 0207DA571B56EA530066E2B4 /* Images.xcassets */; };
		08A05E14C5264FC291809F67 /* CDVNotification.m in Sources */ = {isa = PBXBuildFile; fileRef = D40A4001882642FAB2A0E71D /* CDVNotification.m */; };
		09D1AC672E49412789F57F04 /* MediaPlayer.framework in Frameworks */ = {isa = PBXBuildFile; fileRef = FE2B24D9E1DF4194900194B1 /* MediaPlayer.framework */; };
		0A0AA8ED4E704FCB82A87CBF /* CDVAccelerometer.m in Sources */ = {isa = PBXBuildFile; fileRef = 79694FB3B4E242BCA3D7A01D /* CDVAccelerometer.m */; };
		0ABC306C5866421FAB9485C4 /* CDVConnection.m in Sources */ = {isa = PBXBuildFile; fileRef = FA4933AD3F8A4C39AFED058B /* CDVConnection.m */; };
		0E8501AAB3B84E12AF59CEFF /* CDVCamera.m in Sources */ = {isa = PBXBuildFile; fileRef = A156A569DEE842BFA8A2F53B /* CDVCamera.m */; };
		0EBA9C65A4EB45CE9993015C /* libc++.dylib in Frameworks */ = {isa = PBXBuildFile; fileRef = F5F4E329D9CE403F99950D89 /* libc++.dylib */; };
		1384848C58B94166A3B7DCF1 /* libWikitudeSDK-simulator.a in Frameworks */ = {isa = PBXBuildFile; fileRef = F3EA22A9B1B24DAD97DD6EA6 /* libWikitudeSDK-simulator.a */; };
		15A7E66365B94A8381569ECF /* CDVStatusBar.m in Sources */ = {isa = PBXBuildFile; fileRef = 23E4FE1296254F5BBC4ABF3F /* CDVStatusBar.m */; };
		16E26A74A2B74666BA6822AA /* WTARViewController.m in Sources */ = {isa = PBXBuildFile; fileRef = B028083C2F944B38B19496AE /* WTARViewController.m */; };
		1979FCDD6BA04C39A57B682E /* CDVSound.m in Sources */ = {isa = PBXBuildFile; fileRef = 278EE5E2651E49E3A01EDE59 /* CDVSound.m */; };
		1D3623260D0F684500981E51 /* AppDelegate.m in Sources */ = {isa = PBXBuildFile; fileRef = 1D3623250D0F684500981E51 /* AppDelegate.m */; };
		1D60589B0D05DD56006BFB54 /* main.m in Sources */ = {isa = PBXBuildFile; fileRef = 29B97316FDCFA39411CA2CEA /* main.m */; };
		25DCC55C12AA40B58EAFB4F0 /* CDVContacts.m in Sources */ = {isa = PBXBuildFile; fileRef = B3C6E61768B947D8B27E7975 /* CDVContacts.m */; };
		27BAA1C9E0784E73A604B0A1 /* CDVNotification.bundle in Resources */ = {isa = PBXBuildFile; fileRef = 66EE77DABFB842FD95A60690 /* CDVNotification.bundle */; };
		2CD14C7EA4D342DFB3C469DB /* CDVBattery.m in Sources */ = {isa = PBXBuildFile; fileRef = 0DAB10BD24124F40A546F3C6 /* CDVBattery.m */; };
		301BF552109A68D80062928A /* libCordova.a in Frameworks */ = {isa = PBXBuildFile; fileRef = 301BF535109A57CC0062928A /* libCordova.a */; };
		302D95F114D2391D003F00A1 /* MainViewController.m in Sources */ = {isa = PBXBuildFile; fileRef = 302D95EF14D2391D003F00A1 /* MainViewController.m */; };
		302D95F214D2391D003F00A1 /* MainViewController.xib in Resources */ = {isa = PBXBuildFile; fileRef = 302D95F014D2391D003F00A1 /* MainViewController.xib */; };
		3047A5121AB8059700498E2A /* build-debug.xcconfig in Resources */ = {isa = PBXBuildFile; fileRef = 3047A50F1AB8059700498E2A /* build-debug.xcconfig */; };
		3047A5131AB8059700498E2A /* build-release.xcconfig in Resources */ = {isa = PBXBuildFile; fileRef = 3047A5101AB8059700498E2A /* build-release.xcconfig */; };
		3047A5141AB8059700498E2A /* build.xcconfig in Resources */ = {isa = PBXBuildFile; fileRef = 3047A5111AB8059700498E2A /* build.xcconfig */; };
		3057912D06EF48C3B3B0B62A /* UIImage+CropScaleOrientation.m in Sources */ = {isa = PBXBuildFile; fileRef = 31E7DBCADFDD4D468FED7386 /* UIImage+CropScaleOrientation.m */; };
		3407EC28003D442D98C063FA /* CDVReachability.m in Sources */ = {isa = PBXBuildFile; fileRef = 26A3DF88F9034CEC9199A661 /* CDVReachability.m */; };
		3889183328124C0A86819457 /* Foundation.framework in Frameworks */ = {isa = PBXBuildFile; fileRef = 16F38C31688C4E359D2C2BD7 /* Foundation.framework */; };
		389E3C1E7A0D4CB0B29A535C /* CoreMedia.framework in Frameworks */ = {isa = PBXBuildFile; fileRef = DFB9D3101F64401A900F0CD2 /* CoreMedia.framework */; };
		3C05845FF6784605BAA56F1B /* CoreText.framework in Frameworks */ = {isa = PBXBuildFile; fileRef = 7029A5802D6A44D5A2E47ADC /* CoreText.framework */; };
		41F6DD3E4B044AFB8E2F9B57 /* Security.framework in Frameworks */ = {isa = PBXBuildFile; fileRef = C9830B62D3914205B20FC0D8 /* Security.framework */; };
		4708098FE15F47AB845CB3B7 /* libWikitudeSDK.a in Frameworks */ = {isa = PBXBuildFile; fileRef = 956A45F6CEFE4E8085377D82 /* libWikitudeSDK.a */; };
		48CB7BC8CE204821B4BF108E /* AddressBookUI.framework in Frameworks */ = {isa = PBXBuildFile; fileRef = 423F4B9CDF69496ABAC4829D /* AddressBookUI.framework */; settings = {ATTRIBUTES = (Weak, ); }; };
		4EAF4416BC7540B1A2D9069A /* CoreLocation.framework in Frameworks */ = {isa = PBXBuildFile; fileRef = D9B0D771BA154EC382CE3F12 /* CoreLocation.framework */; };
		5912435AD9C748EE945F61C7 /* CFNetwork.framework in Frameworks */ = {isa = PBXBuildFile; fileRef = 08D9B8FFC47F437EA7C08A82 /* CFNetwork.framework */; };
		5994E9BF33284CD1BB2D529A /* CDVVibration.m in Sources */ = {isa = PBXBuildFile; fileRef = 0D67CB89CC70412C973194E2 /* CDVVibration.m */; };
		5CC9CB99BDC94983845ADFA3 /* SystemConfiguration.framework in Frameworks */ = {isa = PBXBuildFile; fileRef = 22296A8D5C114629954663ED /* SystemConfiguration.framework */; };
		65AF1A44DDAB4A06947BA01E /* OpenGLES.framework in Frameworks */ = {isa = PBXBuildFile; fileRef = 11A1D9166C984BA6A4FE9C11 /* OpenGLES.framework */; };
		70ECDEBCB99E4C0A8940DE8E /* Accelerate.framework in Frameworks */ = {isa = PBXBuildFile; fileRef = D7637C3AC44C4ADA88E30161 /* Accelerate.framework */; };
		82F49A63004A4141B70C1DB0 /* AudioToolbox.framework in Frameworks */ = {isa = PBXBuildFile; fileRef = 3003DED112BC4FB59604EB0B /* AudioToolbox.framework */; settings = {ATTRIBUTES = (Weak, ); }; };
		85EDDBA667784448A3D929C2 /* CDVJpegHeaderWriter.m in Sources */ = {isa = PBXBuildFile; fileRef = 1A49BF094AD04EDDAEFDCC34 /* CDVJpegHeaderWriter.m */; };
		8E0CAEE9292F4D54823878BA /* AVFoundation.framework in Frameworks */ = {isa = PBXBuildFile; fileRef = 19AC0037E31444A6A7C802AD /* AVFoundation.framework */; };
		93A118FEEE8D447DAE0E2A73 /* QuartzCore.framework in Frameworks */ = {isa = PBXBuildFile; fileRef = 6364E1F936C54433B7564725 /* QuartzCore.framework */; };
		A747A8DAB53F47CC8F6384E6 /* CDVCompass.m in Sources */ = {isa = PBXBuildFile; fileRef = 102CC136AE28499C8AF68D0C /* CDVCompass.m */; };
		B241BF35135F42F6A945B953 /* CDVLocation.m in Sources */ = {isa = PBXBuildFile; fileRef = 972FFDF9ECA243FFB6710345 /* CDVLocation.m */; };
		B46A92C8D9684ADD9FA4EDF0 /* AddressBook.framework in Frameworks */ = {isa = PBXBuildFile; fileRef = B9F13B671636496899D8484B /* AddressBook.framework */; settings = {ATTRIBUTES = (Weak, ); }; };
		B662F2333FDB427BA67150F4 /* libz.dylib in Frameworks */ = {isa = PBXBuildFile; fileRef = 8D04665C8BE54634AA64D0CC /* libz.dylib */; };
		B6DB929CB738484EA7C9C359 /* CoreMotion.framework in Frameworks */ = {isa = PBXBuildFile; fileRef = 84B20434154D4650A098F8A9 /* CoreMotion.framework */; };
		BE74BAE6C63C4C91B4BABCA8 /* CDVCapture.m in Sources */ = {isa = PBXBuildFile; fileRef = 6B8BF347CA8F40A1B2B513A7 /* CDVCapture.m */; };
		BEF401FEA1D447DEBAF23AFB /* UIKit.framework in Frameworks */ = {isa = PBXBuildFile; fileRef = DC47F9AA83464FDD82421CB3 /* UIKit.framework */; };
		C9BC64DC080B47D9AE46EB58 /* CDVLogger.m in Sources */ = {isa = PBXBuildFile; fileRef = 72FA5EAF3FB0482281F0A7E1 /* CDVLogger.m */; };
		CBAC669CB8844B829E96D600 /* CoreTelephony.framework in Frameworks */ = {isa = PBXBuildFile; fileRef = AA41B32EF4214FA697E585CC /* CoreTelephony.framework */; };
		D075B1FB6D424B878BD44BB9 /* CDVGlobalization.m in Sources */ = {isa = PBXBuildFile; fileRef = 661461B60F174DCCAD94237D /* CDVGlobalization.m */; };
		D362F76757554B79A6AC1ED8 /* CDVCapture.bundle in Resources */ = {isa = PBXBuildFile; fileRef = 5EFB371E04414C68910B2AAD /* CDVCapture.bundle */; };
		DCE3EA11AF244F238F326ECF /* CoreVideo.framework in Frameworks */ = {isa = PBXBuildFile; fileRef = C2C35025B42E47D08DBED640 /* CoreVideo.framework */; };
		DD8A90BF75E84920B8E652D4 /* CDVContact.m in Sources */ = {isa = PBXBuildFile; fileRef = 36E3061EAADE4B639CDE96D0 /* CDVContact.m */; };
		E6FE3ED75B104F02826DB100 /* CDVAssetLibraryFilesystem.m in Sources */ = {isa = PBXBuildFile; fileRef = D13A4F2D0FD645C0BE63F7A4 /* CDVAssetLibraryFilesystem.m */; };
		EBE063E1FA2D43979EA2F1D2 /* CDVSplashScreen.m in Sources */ = {isa = PBXBuildFile; fileRef = 4F2D23FBE9BE45ED8E1C1248 /* CDVSplashScreen.m */; };
		ED20201D0D6E411A9BB8183C /* CDVFileTransfer.m in Sources */ = {isa = PBXBuildFile; fileRef = B894BBC7682F46949ADF82E8 /* CDVFileTransfer.m */; };
		EE6D69F3431F493192A0F7ED /* CDVViewController+SplashScreen.m in Sources */ = {isa = PBXBuildFile; fileRef = 84B7B2C802974CBD8B3A1522 /* CDVViewController+SplashScreen.m */; };
		EF71BEB80CC14EE5A7414275 /* CDVFile.m in Sources */ = {isa = PBXBuildFile; fileRef = D28FAB8BB1164FF2AE841D70 /* CDVFile.m */; };
		F075FB7EA7E14B80B8994D3A /* CDVLocalFilesystem.m in Sources */ = {isa = PBXBuildFile; fileRef = 3DFE87D113B1418DB4B91E05 /* CDVLocalFilesystem.m */; };
		F13C6E7144544AB4AA04A1E8 /* WTWikitudePlugin.m in Sources */ = {isa = PBXBuildFile; fileRef = E70219D9B83740EABF1FA916 /* WTWikitudePlugin.m */; };
		F38319558FC84E36831D9026 /* CDVInAppBrowser.m in Sources */ = {isa = PBXBuildFile; fileRef = 8DDEBE5B1811480AAECBD068 /* CDVInAppBrowser.m */; };
		F3BEB1C763BB430D84C15CFF /* ImageIO.framework in Frameworks */ = {isa = PBXBuildFile; fileRef = 1157066061AD4561AC93F09F /* ImageIO.framework */; settings = {ATTRIBUTES = (Weak, ); }; };
/* End PBXBuildFile section */

/* Begin PBXContainerItemProxy section */
		301BF534109A57CC0062928A /* PBXContainerItemProxy */ = {
			isa = PBXContainerItemProxy;
			containerPortal = 301BF52D109A57CC0062928A /* CordovaLib.xcodeproj */;
			proxyType = 2;
			remoteGlobalIDString = D2AAC07E0554694100DB518D;
			remoteInfo = CordovaLib;
		};
		301BF550109A68C00062928A /* PBXContainerItemProxy */ = {
			isa = PBXContainerItemProxy;
			containerPortal = 301BF52D109A57CC0062928A /* CordovaLib.xcodeproj */;
			proxyType = 1;
			remoteGlobalIDString = D2AAC07D0554694100DB518D;
			remoteInfo = CordovaLib;
		};
/* End PBXContainerItemProxy section */

/* Begin PBXFileReference section */
		0207DA571B56EA530066E2B4 /* Images.xcassets */ = {isa = PBXFileReference; lastKnownFileType = folder.assetcatalog; name = Images.xcassets; path = AR1/Images.xcassets; sourceTree = SOURCE_ROOT; };
		08D9B8FFC47F437EA7C08A82 /* CFNetwork.framework */ = {isa = PBXFileReference; explicitFileType = undefined; fileEncoding = 9; includeInIndex = 0; lastKnownFileType = wrapper.framework; name = CFNetwork.framework; path = System/Library/Frameworks/CFNetwork.framework; sourceTree = SDKROOT; };
		0D67CB89CC70412C973194E2 /* CDVVibration.m */ = {isa = PBXFileReference; explicitFileType = undefined; fileEncoding = 4; includeInIndex = 0; lastKnownFileType = sourcecode.c.objc; name = CDVVibration.m; path = "cordova-plugin-vibration/CDVVibration.m"; sourceTree = "<group>"; };
		0DAB10BD24124F40A546F3C6 /* CDVBattery.m */ = {isa = PBXFileReference; explicitFileType = undefined; fileEncoding = 4; includeInIndex = 0; lastKnownFileType = sourcecode.c.objc; name = CDVBattery.m; path = "cordova-plugin-battery-status/CDVBattery.m"; sourceTree = "<group>"; };
		102CC136AE28499C8AF68D0C /* CDVCompass.m */ = {isa = PBXFileReference; explicitFileType = undefined; fileEncoding = 4; includeInIndex = 0; lastKnownFileType = sourcecode.c.objc; name = CDVCompass.m; path = "cordova-plugin-device-orientation/CDVCompass.m"; sourceTree = "<group>"; };
		1157066061AD4561AC93F09F /* ImageIO.framework */ = {isa = PBXFileReference; explicitFileType = undefined; fileEncoding = 9; includeInIndex = 0; lastKnownFileType = wrapper.framework; name = ImageIO.framework; path = System/Library/Frameworks/ImageIO.framework; sourceTree = SDKROOT; };
		11A1D9166C984BA6A4FE9C11 /* OpenGLES.framework */ = {isa = PBXFileReference; explicitFileType = undefined; fileEncoding = 9; includeInIndex = 0; lastKnownFileType = wrapper.framework; name = OpenGLES.framework; path = System/Library/Frameworks/OpenGLES.framework; sourceTree = SDKROOT; };
		16F38C31688C4E359D2C2BD7 /* Foundation.framework */ = {isa = PBXFileReference; explicitFileType = undefined; fileEncoding = 9; includeInIndex = 0; lastKnownFileType = wrapper.framework; name = Foundation.framework; path = System/Library/Frameworks/Foundation.framework; sourceTree = SDKROOT; };
		1761F9C06E924AE7A9839D38 /* CDVBattery.h */ = {isa = PBXFileReference; explicitFileType = undefined; fileEncoding = 4; includeInIndex = 0; lastKnownFileType = sourcecode.c.h; name = CDVBattery.h; path = "cordova-plugin-battery-status/CDVBattery.h"; sourceTree = "<group>"; };
		19AC0037E31444A6A7C802AD /* AVFoundation.framework */ = {isa = PBXFileReference; explicitFileType = undefined; fileEncoding = 9; includeInIndex = 0; lastKnownFileType = wrapper.framework; name = AVFoundation.framework; path = System/Library/Frameworks/AVFoundation.framework; sourceTree = SDKROOT; };
		1A19BC3AFB74429AA0572A56 /* CDVViewController+SplashScreen.h */ = {isa = PBXFileReference; explicitFileType = undefined; fileEncoding = 4; includeInIndex = 0; lastKnownFileType = sourcecode.c.h; name = "CDVViewController+SplashScreen.h"; path = "cordova-plugin-splashscreen/CDVViewController+SplashScreen.h"; sourceTree = "<group>"; };
		1A49BF094AD04EDDAEFDCC34 /* CDVJpegHeaderWriter.m */ = {isa = PBXFileReference; explicitFileType = undefined; fileEncoding = 4; includeInIndex = 0; lastKnownFileType = sourcecode.c.objc; name = CDVJpegHeaderWriter.m; path = "cordova-plugin-camera/CDVJpegHeaderWriter.m"; sourceTree = "<group>"; };
		1BF796FB5D8448FCAD363847 /* WTWikitudeTypes.h */ = {isa = PBXFileReference; explicitFileType = undefined; fileEncoding = 4; includeInIndex = 0; lastKnownFileType = sourcecode.c.h; name = WTWikitudeTypes.h; path = com.wikitude.phonegap.WikitudePlugin/WTWikitudeTypes.h; sourceTree = "<group>"; };
		1D3623240D0F684500981E51 /* AppDelegate.h */ = {isa = PBXFileReference; fileEncoding = 4; lastKnownFileType = sourcecode.c.h; path = AppDelegate.h; sourceTree = "<group>"; };
		1D3623250D0F684500981E51 /* AppDelegate.m */ = {isa = PBXFileReference; fileEncoding = 4; lastKnownFileType = sourcecode.c.objc; path = AppDelegate.m; sourceTree = "<group>"; };
		1D6058910D05DD3D006BFB54 /* AR1.app */ = {isa = PBXFileReference; explicitFileType = wrapper.application; includeInIndex = 0; path = AR1.app; sourceTree = BUILT_PRODUCTS_DIR; };
		22296A8D5C114629954663ED /* SystemConfiguration.framework */ = {isa = PBXFileReference; explicitFileType = undefined; fileEncoding = 9; includeInIndex = 0; lastKnownFileType = wrapper.framework; name = SystemConfiguration.framework; path = System/Library/Frameworks/SystemConfiguration.framework; sourceTree = SDKROOT; };
		235A106A46584F54AFC73B40 /* CDVGlobalization.h */ = {isa = PBXFileReference; explicitFileType = undefined; fileEncoding = 4; includeInIndex = 0; lastKnownFileType = sourcecode.c.h; name = CDVGlobalization.h; path = "cordova-plugin-globalization/CDVGlobalization.h"; sourceTree = "<group>"; };
		23E4FE1296254F5BBC4ABF3F /* CDVStatusBar.m */ = {isa = PBXFileReference; explicitFileType = undefined; fileEncoding = 4; includeInIndex = 0; lastKnownFileType = sourcecode.c.objc; name = CDVStatusBar.m; path = "cordova-plugin-statusbar/CDVStatusBar.m"; sourceTree = "<group>"; };
		246B7EB3AB7C42BA92822CB9 /* CDVStatusBar.h */ = {isa = PBXFileReference; explicitFileType = undefined; fileEncoding = 4; includeInIndex = 0; lastKnownFileType = sourcecode.c.h; name = CDVStatusBar.h; path = "cordova-plugin-statusbar/CDVStatusBar.h"; sourceTree = "<group>"; };
		26A3DF88F9034CEC9199A661 /* CDVReachability.m */ = {isa = PBXFileReference; explicitFileType = undefined; fileEncoding = 4; includeInIndex = 0; lastKnownFileType = sourcecode.c.objc; name = CDVReachability.m; path = "cordova-plugin-network-information/CDVReachability.m"; sourceTree = "<group>"; };
		278EE5E2651E49E3A01EDE59 /* CDVSound.m */ = {isa = PBXFileReference; explicitFileType = undefined; fileEncoding = 4; includeInIndex = 0; lastKnownFileType = sourcecode.c.objc; name = CDVSound.m; path = "cordova-plugin-media/CDVSound.m"; sourceTree = "<group>"; };
		29B97316FDCFA39411CA2CEA /* main.m */ = {isa = PBXFileReference; fileEncoding = 4; lastKnownFileType = sourcecode.c.objc; path = main.m; sourceTree = "<group>"; };
		3003DED112BC4FB59604EB0B /* AudioToolbox.framework */ = {isa = PBXFileReference; explicitFileType = undefined; fileEncoding = 9; includeInIndex = 0; lastKnownFileType = wrapper.framework; name = AudioToolbox.framework; path = System/Library/Frameworks/AudioToolbox.framework; sourceTree = SDKROOT; };
		301BF52D109A57CC0062928A /* CordovaLib.xcodeproj */ = {isa = PBXFileReference; lastKnownFileType = "wrapper.pb-project"; name = CordovaLib.xcodeproj; path = CordovaLib/CordovaLib.xcodeproj; sourceTree = "<group>"; };
		301BF56E109A69640062928A /* www */ = {isa = PBXFileReference; lastKnownFileType = folder; path = www; sourceTree = SOURCE_ROOT; };
		302D95EE14D2391D003F00A1 /* MainViewController.h */ = {isa = PBXFileReference; fileEncoding = 4; lastKnownFileType = sourcecode.c.h; path = MainViewController.h; sourceTree = "<group>"; };
		302D95EF14D2391D003F00A1 /* MainViewController.m */ = {isa = PBXFileReference; fileEncoding = 4; lastKnownFileType = sourcecode.c.objc; path = MainViewController.m; sourceTree = "<group>"; };
		302D95F014D2391D003F00A1 /* MainViewController.xib */ = {isa = PBXFileReference; fileEncoding = 4; lastKnownFileType = file.xib; path = MainViewController.xib; sourceTree = "<group>"; };
		3047A50F1AB8059700498E2A /* build-debug.xcconfig */ = {isa = PBXFileReference; fileEncoding = 4; lastKnownFileType = text.xcconfig; name = "build-debug.xcconfig"; path = "cordova/build-debug.xcconfig"; sourceTree = SOURCE_ROOT; };
		3047A5101AB8059700498E2A /* build-release.xcconfig */ = {isa = PBXFileReference; fileEncoding = 4; lastKnownFileType = text.xcconfig; name = "build-release.xcconfig"; path = "cordova/build-release.xcconfig"; sourceTree = SOURCE_ROOT; };
		3047A5111AB8059700498E2A /* build.xcconfig */ = {isa = PBXFileReference; fileEncoding = 4; lastKnownFileType = text.xcconfig; name = build.xcconfig; path = cordova/build.xcconfig; sourceTree = SOURCE_ROOT; };
		31E7DBCADFDD4D468FED7386 /* UIImage+CropScaleOrientation.m */ = {isa = PBXFileReference; explicitFileType = undefined; fileEncoding = 4; includeInIndex = 0; lastKnownFileType = sourcecode.c.objc; name = "UIImage+CropScaleOrientation.m"; path = "cordova-plugin-camera/UIImage+CropScaleOrientation.m"; sourceTree = "<group>"; };
		32CA4F630368D1EE00C91783 /* AR1-Prefix.pch */ = {isa = PBXFileReference; fileEncoding = 4; lastKnownFileType = sourcecode.c.h; path = "AR1-Prefix.pch"; sourceTree = "<group>"; };
		349C05DC24C34595926E34D6 /* CDVSound.h */ = {isa = PBXFileReference; explicitFileType = undefined; fileEncoding = 4; includeInIndex = 0; lastKnownFileType = sourcecode.c.h; name = CDVSound.h; path = "cordova-plugin-media/CDVSound.h"; sourceTree = "<group>"; };
		36E3061EAADE4B639CDE96D0 /* CDVContact.m */ = {isa = PBXFileReference; explicitFileType = undefined; fileEncoding = 4; includeInIndex = 0; lastKnownFileType = sourcecode.c.objc; name = CDVContact.m; path = "cordova-plugin-contacts/CDVContact.m"; sourceTree = "<group>"; };
		3DFE87D113B1418DB4B91E05 /* CDVLocalFilesystem.m */ = {isa = PBXFileReference; explicitFileType = undefined; fileEncoding = 4; includeInIndex = 0; lastKnownFileType = sourcecode.c.objc; name = CDVLocalFilesystem.m; path = "cordova-plugin-file/CDVLocalFilesystem.m"; sourceTree = "<group>"; };
		3E75EFBC494C4DAEB724C6F4 /* CDVContact.h */ = {isa = PBXFileReference; explicitFileType = undefined; fileEncoding = 4; includeInIndex = 0; lastKnownFileType = sourcecode.c.h; name = CDVContact.h; path = "cordova-plugin-contacts/CDVContact.h"; sourceTree = "<group>"; };
		423F4B9CDF69496ABAC4829D /* AddressBookUI.framework */ = {isa = PBXFileReference; explicitFileType = undefined; fileEncoding = 9; includeInIndex = 0; lastKnownFileType = wrapper.framework; name = AddressBookUI.framework; path = System/Library/Frameworks/AddressBookUI.framework; sourceTree = SDKROOT; };
		47C83149B5DA42A1B494EAC5 /* WikitudeSDK.h */ = {isa = PBXFileReference; explicitFileType = undefined; fileEncoding = 4; includeInIndex = 0; lastKnownFileType = sourcecode.c.h; name = WikitudeSDK.h; path = com.wikitude.phonegap.WikitudePlugin/WikitudeSDK.h; sourceTree = "<group>"; };
		4F2D23FBE9BE45ED8E1C1248 /* CDVSplashScreen.m */ = {isa = PBXFileReference; explicitFileType = undefined; fileEncoding = 4; includeInIndex = 0; lastKnownFileType = sourcecode.c.objc; name = CDVSplashScreen.m; path = "cordova-plugin-splashscreen/CDVSplashScreen.m"; sourceTree = "<group>"; };
		5044119BD8694FC2B3BECBF8 /* CDVNotification.h */ = {isa = PBXFileReference; explicitFileType = undefined; fileEncoding = 4; includeInIndex = 0; lastKnownFileType = sourcecode.c.h; name = CDVNotification.h; path = "cordova-plugin-dialogs/CDVNotification.h"; sourceTree = "<group>"; };
		523BFB4770CD45CCA91C6977 /* WTArchitectView.h */ = {isa = PBXFileReference; explicitFileType = undefined; fileEncoding = 4; includeInIndex = 0; lastKnownFileType = sourcecode.c.h; name = WTArchitectView.h; path = com.wikitude.phonegap.WikitudePlugin/WTArchitectView.h; sourceTree = "<group>"; };
		548CB8F446654B82A16E3861 /* UIImage+CropScaleOrientation.h */ = {isa = PBXFileReference; explicitFileType = undefined; fileEncoding = 4; includeInIndex = 0; lastKnownFileType = sourcecode.c.h; name = "UIImage+CropScaleOrientation.h"; path = "cordova-plugin-camera/UIImage+CropScaleOrientation.h"; sourceTree = "<group>"; };
		5818E501066C4058957E62F8 /* CDVCamera.h */ = {isa = PBXFileReference; explicitFileType = undefined; fileEncoding = 4; includeInIndex = 0; lastKnownFileType = sourcecode.c.h; name = CDVCamera.h; path = "cordova-plugin-camera/CDVCamera.h"; sourceTree = "<group>"; };
		5EFB371E04414C68910B2AAD /* CDVCapture.bundle */ = {isa = PBXFileReference; explicitFileType = undefined; fileEncoding = 9; includeInIndex = 0; lastKnownFileType = "wrapper.plug-in"; path = CDVCapture.bundle; sourceTree = "<group>"; };
		607942D79E144DA8B3663659 /* WTNavigation.h */ = {isa = PBXFileReference; explicitFileType = undefined; fileEncoding = 4; includeInIndex = 0; lastKnownFileType = sourcecode.c.h; name = WTNavigation.h; path = com.wikitude.phonegap.WikitudePlugin/WTNavigation.h; sourceTree = "<group>"; };
		6364E1F936C54433B7564725 /* QuartzCore.framework */ = {isa = PBXFileReference; explicitFileType = undefined; fileEncoding = 9; includeInIndex = 0; lastKnownFileType = wrapper.framework; name = QuartzCore.framework; path = System/Library/Frameworks/QuartzCore.framework; sourceTree = SDKROOT; };
		661461B60F174DCCAD94237D /* CDVGlobalization.m */ = {isa = PBXFileReference; explicitFileType = undefined; fileEncoding = 4; includeInIndex = 0; lastKnownFileType = sourcecode.c.objc; name = CDVGlobalization.m; path = "cordova-plugin-globalization/CDVGlobalization.m"; sourceTree = "<group>"; };
		66EE77DABFB842FD95A60690 /* CDVNotification.bundle */ = {isa = PBXFileReference; explicitFileType = undefined; fileEncoding = 9; includeInIndex = 0; lastKnownFileType = "wrapper.plug-in"; path = CDVNotification.bundle; sourceTree = "<group>"; };
		6B8BF347CA8F40A1B2B513A7 /* CDVCapture.m */ = {isa = PBXFileReference; explicitFileType = undefined; fileEncoding = 4; includeInIndex = 0; lastKnownFileType = sourcecode.c.objc; name = CDVCapture.m; path = "cordova-plugin-media-capture/CDVCapture.m"; sourceTree = "<group>"; };
		7029A5802D6A44D5A2E47ADC /* CoreText.framework */ = {isa = PBXFileReference; explicitFileType = undefined; fileEncoding = 9; includeInIndex = 0; lastKnownFileType = wrapper.framework; name = CoreText.framework; path = System/Library/Frameworks/CoreText.framework; sourceTree = SDKROOT; };
		72FA5EAF3FB0482281F0A7E1 /* CDVLogger.m */ = {isa = PBXFileReference; explicitFileType = undefined; fileEncoding = 4; includeInIndex = 0; lastKnownFileType = sourcecode.c.objc; name = CDVLogger.m; path = "cordova-plugin-console/CDVLogger.m"; sourceTree = "<group>"; };
		79694FB3B4E242BCA3D7A01D /* CDVAccelerometer.m */ = {isa = PBXFileReference; explicitFileType = undefined; fileEncoding = 4; includeInIndex = 0; lastKnownFileType = sourcecode.c.objc; name = CDVAccelerometer.m; path = "cordova-plugin-device-motion/CDVAccelerometer.m"; sourceTree = "<group>"; };
		8380A12700634344A2351BD7 /* CDVContacts.h */ = {isa = PBXFileReference; explicitFileType = undefined; fileEncoding = 4; includeInIndex = 0; lastKnownFileType = sourcecode.c.h; name = CDVContacts.h; path = "cordova-plugin-contacts/CDVContacts.h"; sourceTree = "<group>"; };
		84B20434154D4650A098F8A9 /* CoreMotion.framework */ = {isa = PBXFileReference; explicitFileType = undefined; fileEncoding = 9; includeInIndex = 0; lastKnownFileType = wrapper.framework; name = CoreMotion.framework; path = System/Library/Frameworks/CoreMotion.framework; sourceTree = SDKROOT; };
		84B7B2C802974CBD8B3A1522 /* CDVViewController+SplashScreen.m */ = {isa = PBXFileReference; explicitFileType = undefined; fileEncoding = 4; includeInIndex = 0; lastKnownFileType = sourcecode.c.objc; name = "CDVViewController+SplashScreen.m"; path = "cordova-plugin-splashscreen/CDVViewController+SplashScreen.m"; sourceTree = "<group>"; };
		85C63D55A451464687055335 /* CDVConnection.h */ = {isa = PBXFileReference; explicitFileType = undefined; fileEncoding = 4; includeInIndex = 0; lastKnownFileType = sourcecode.c.h; name = CDVConnection.h; path = "cordova-plugin-network-information/CDVConnection.h"; sourceTree = "<group>"; };
		8D04665C8BE54634AA64D0CC /* libz.dylib */ = {isa = PBXFileReference; explicitFileType = undefined; fileEncoding = 9; includeInIndex = 0; lastKnownFileType = "compiled.mach-o.dylib"; name = libz.dylib; path = usr/lib/libz.dylib; sourceTree = SDKROOT; };
		8D1107310486CEB800E47090 /* AR1-Info.plist */ = {isa = PBXFileReference; fileEncoding = 4; lastKnownFileType = text.plist.xml; name = "AR1-Info.plist"; path = "AR1/AR1-Info.plist"; plistStructureDefinitionIdentifier = "com.apple.xcode.plist.structure-definition.iphone.info-plist"; sourceTree = SOURCE_ROOT; };
		8DDEBE5B1811480AAECBD068 /* CDVInAppBrowser.m */ = {isa = PBXFileReference; explicitFileType = undefined; fileEncoding = 4; includeInIndex = 0; lastKnownFileType = sourcecode.c.objc; name = CDVInAppBrowser.m; path = "cordova-plugin-inappbrowser/CDVInAppBrowser.m"; sourceTree = "<group>"; };
		92D13645D4B34C7DAC125A17 /* CDVCompass.h */ = {isa = PBXFileReference; explicitFileType = undefined; fileEncoding = 4; includeInIndex = 0; lastKnownFileType = sourcecode.c.h; name = CDVCompass.h; path = "cordova-plugin-device-orientation/CDVCompass.h"; sourceTree = "<group>"; };
		956A45F6CEFE4E8085377D82 /* libWikitudeSDK.a */ = {isa = PBXFileReference; explicitFileType = undefined; fileEncoding = 9; includeInIndex = 0; lastKnownFileType = archive.ar; name = libWikitudeSDK.a; path = AR1/Plugins/com.wikitude.phonegap.WikitudePlugin/libWikitudeSDK.a; sourceTree = "<group>"; };
		972FFDF9ECA243FFB6710345 /* CDVLocation.m */ = {isa = PBXFileReference; explicitFileType = undefined; fileEncoding = 4; includeInIndex = 0; lastKnownFileType = sourcecode.c.objc; name = CDVLocation.m; path = "cordova-plugin-geolocation/CDVLocation.m"; sourceTree = "<group>"; };
		9973D384FACC4FF7A86CC21F /* CDVDevice.m */ = {isa = PBXFileReference; explicitFileType = undefined; fileEncoding = 4; includeInIndex = 0; lastKnownFileType = sourcecode.c.objc; name = CDVDevice.m; path = "cordova-plugin-device/CDVDevice.m"; sourceTree = "<group>"; };
		9B2CB109090C4E57B8604976 /* CDVJpegHeaderWriter.h */ = {isa = PBXFileReference; explicitFileType = undefined; fileEncoding = 4; includeInIndex = 0; lastKnownFileType = sourcecode.c.h; name = CDVJpegHeaderWriter.h; path = "cordova-plugin-camera/CDVJpegHeaderWriter.h"; sourceTree = "<group>"; };
		9E93E305FEC94EEFA22322BA /* CDVLogger.h */ = {isa = PBXFileReference; explicitFileType = undefined; fileEncoding = 4; includeInIndex = 0; lastKnownFileType = sourcecode.c.h; name = CDVLogger.h; path = "cordova-plugin-console/CDVLogger.h"; sourceTree = "<group>"; };
		A156A569DEE842BFA8A2F53B /* CDVCamera.m */ = {isa = PBXFileReference; explicitFileType = undefined; fileEncoding = 4; includeInIndex = 0; lastKnownFileType = sourcecode.c.objc; name = CDVCamera.m; path = "cordova-plugin-camera/CDVCamera.m"; sourceTree = "<group>"; };
		A2CE1D856F8D4072BA38405A /* CDVReachability.h */ = {isa = PBXFileReference; explicitFileType = undefined; fileEncoding = 4; includeInIndex = 0; lastKnownFileType = sourcecode.c.h; name = CDVReachability.h; path = "cordova-plugin-network-information/CDVReachability.h"; sourceTree = "<group>"; };
		A5877D965D4E431CB3FCB9C0 /* CDVSplashScreen.h */ = {isa = PBXFileReference; explicitFileType = undefined; fileEncoding = 4; includeInIndex = 0; lastKnownFileType = sourcecode.c.h; name = CDVSplashScreen.h; path = "cordova-plugin-splashscreen/CDVSplashScreen.h"; sourceTree = "<group>"; };
		A7E7159048CB4506A21AA900 /* WTArchitectViewDebugDelegate.h */ = {isa = PBXFileReference; explicitFileType = undefined; fileEncoding = 4; includeInIndex = 0; lastKnownFileType = sourcecode.c.h; name = WTArchitectViewDebugDelegate.h; path = com.wikitude.phonegap.WikitudePlugin/WTArchitectViewDebugDelegate.h; sourceTree = "<group>"; };
		AA41B32EF4214FA697E585CC /* CoreTelephony.framework */ = {isa = PBXFileReference; explicitFileType = undefined; fileEncoding = 9; includeInIndex = 0; lastKnownFileType = wrapper.framework; name = CoreTelephony.framework; path = System/Library/Frameworks/CoreTelephony.framework; sourceTree = SDKROOT; };
		B028083C2F944B38B19496AE /* WTARViewController.m */ = {isa = PBXFileReference; explicitFileType = undefined; fileEncoding = 4; includeInIndex = 0; lastKnownFileType = sourcecode.c.objc; name = WTARViewController.m; path = com.wikitude.phonegap.WikitudePlugin/WTARViewController.m; sourceTree = "<group>"; };
		B3C6E61768B947D8B27E7975 /* CDVContacts.m */ = {isa = PBXFileReference; explicitFileType = undefined; fileEncoding = 4; includeInIndex = 0; lastKnownFileType = sourcecode.c.objc; name = CDVContacts.m; path = "cordova-plugin-contacts/CDVContacts.m"; sourceTree = "<group>"; };
		B894BBC7682F46949ADF82E8 /* CDVFileTransfer.m */ = {isa = PBXFileReference; explicitFileType = undefined; fileEncoding = 4; includeInIndex = 0; lastKnownFileType = sourcecode.c.objc; name = CDVFileTransfer.m; path = "cordova-plugin-file-transfer/CDVFileTransfer.m"; sourceTree = "<group>"; };
		B9F13B671636496899D8484B /* AddressBook.framework */ = {isa = PBXFileReference; explicitFileType = undefined; fileEncoding = 9; includeInIndex = 0; lastKnownFileType = wrapper.framework; name = AddressBook.framework; path = System/Library/Frameworks/AddressBook.framework; sourceTree = SDKROOT; };
		BB5427F06FAF45C0ABA7270F /* CDVAssetLibraryFilesystem.h */ = {isa = PBXFileReference; explicitFileType = undefined; fileEncoding = 4; includeInIndex = 0; lastKnownFileType = sourcecode.c.h; name = CDVAssetLibraryFilesystem.h; path = "cordova-plugin-file/CDVAssetLibraryFilesystem.h"; sourceTree = "<group>"; };
		BB5A539EDCAE4634B3D2FE40 /* CDVLocalFilesystem.h */ = {isa = PBXFileReference; explicitFileType = undefined; fileEncoding = 4; includeInIndex = 0; lastKnownFileType = sourcecode.c.h; name = CDVLocalFilesystem.h; path = "cordova-plugin-file/CDVLocalFilesystem.h"; sourceTree = "<group>"; };
		C2C35025B42E47D08DBED640 /* CoreVideo.framework */ = {isa = PBXFileReference; explicitFileType = undefined; fileEncoding = 9; includeInIndex = 0; lastKnownFileType = wrapper.framework; name = CoreVideo.framework; path = System/Library/Frameworks/CoreVideo.framework; sourceTree = SDKROOT; };
		C5C34A413E04458CA2CD2306 /* CDVCapture.h */ = {isa = PBXFileReference; explicitFileType = undefined; fileEncoding = 4; includeInIndex = 0; lastKnownFileType = sourcecode.c.h; name = CDVCapture.h; path = "cordova-plugin-media-capture/CDVCapture.h"; sourceTree = "<group>"; };
		C9830B62D3914205B20FC0D8 /* Security.framework */ = {isa = PBXFileReference; explicitFileType = undefined; fileEncoding = 9; includeInIndex = 0; lastKnownFileType = wrapper.framework; name = Security.framework; path = System/Library/Frameworks/Security.framework; sourceTree = SDKROOT; };
		CD0ABBAA73FA4C29877CE509 /* CDVAccelerometer.h */ = {isa = PBXFileReference; explicitFileType = undefined; fileEncoding = 4; includeInIndex = 0; lastKnownFileType = sourcecode.c.h; name = CDVAccelerometer.h; path = "cordova-plugin-device-motion/CDVAccelerometer.h"; sourceTree = "<group>"; };
		CD2CA66C1FBD47AF9F1A9F01 /* WTWikitudePlugin.h */ = {isa = PBXFileReference; explicitFileType = undefined; fileEncoding = 4; includeInIndex = 0; lastKnownFileType = sourcecode.c.h; name = WTWikitudePlugin.h; path = com.wikitude.phonegap.WikitudePlugin/WTWikitudePlugin.h; sourceTree = "<group>"; };
		CE40432D447340D7BF5E1376 /* CDVDevice.h */ = {isa = PBXFileReference; explicitFileType = undefined; fileEncoding = 4; includeInIndex = 0; lastKnownFileType = sourcecode.c.h; name = CDVDevice.h; path = "cordova-plugin-device/CDVDevice.h"; sourceTree = "<group>"; };
		CFC93D9CD95145AB8B8421CF /* WTStartupConfiguration.h */ = {isa = PBXFileReference; explicitFileType = undefined; fileEncoding = 4; includeInIndex = 0; lastKnownFileType = sourcecode.c.h; name = WTStartupConfiguration.h; path = com.wikitude.phonegap.WikitudePlugin/WTStartupConfiguration.h; sourceTree = "<group>"; };
		D13A4F2D0FD645C0BE63F7A4 /* CDVAssetLibraryFilesystem.m */ = {isa = PBXFileReference; explicitFileType = undefined; fileEncoding = 4; includeInIndex = 0; lastKnownFileType = sourcecode.c.objc; name = CDVAssetLibraryFilesystem.m; path = "cordova-plugin-file/CDVAssetLibraryFilesystem.m"; sourceTree = "<group>"; };
		D25C4858C3A44F85AFFC3166 /* CDVExif.h */ = {isa = PBXFileReference; explicitFileType = undefined; fileEncoding = 4; includeInIndex = 0; lastKnownFileType = sourcecode.c.h; name = CDVExif.h; path = "cordova-plugin-camera/CDVExif.h"; sourceTree = "<group>"; };
		D28FAB8BB1164FF2AE841D70 /* CDVFile.m */ = {isa = PBXFileReference; explicitFileType = undefined; fileEncoding = 4; includeInIndex = 0; lastKnownFileType = sourcecode.c.objc; name = CDVFile.m; path = "cordova-plugin-file/CDVFile.m"; sourceTree = "<group>"; };
		D40A4001882642FAB2A0E71D /* CDVNotification.m */ = {isa = PBXFileReference; explicitFileType = undefined; fileEncoding = 4; includeInIndex = 0; lastKnownFileType = sourcecode.c.objc; name = CDVNotification.m; path = "cordova-plugin-dialogs/CDVNotification.m"; sourceTree = "<group>"; };
		D52170450EB34F1AAE834197 /* CDVFile.h */ = {isa = PBXFileReference; explicitFileType = undefined; fileEncoding = 4; includeInIndex = 0; lastKnownFileType = sourcecode.c.h; name = CDVFile.h; path = "cordova-plugin-file/CDVFile.h"; sourceTree = "<group>"; };
		D7637C3AC44C4ADA88E30161 /* Accelerate.framework */ = {isa = PBXFileReference; explicitFileType = undefined; fileEncoding = 9; includeInIndex = 0; lastKnownFileType = wrapper.framework; name = Accelerate.framework; path = System/Library/Frameworks/Accelerate.framework; sourceTree = SDKROOT; };
		D9B0D771BA154EC382CE3F12 /* CoreLocation.framework */ = {isa = PBXFileReference; explicitFileType = undefined; fileEncoding = 9; includeInIndex = 0; lastKnownFileType = wrapper.framework; name = CoreLocation.framework; path = System/Library/Frameworks/CoreLocation.framework; sourceTree = SDKROOT; };
		DC47F9AA83464FDD82421CB3 /* UIKit.framework */ = {isa = PBXFileReference; explicitFileType = undefined; fileEncoding = 9; includeInIndex = 0; lastKnownFileType = wrapper.framework; name = UIKit.framework; path = System/Library/Frameworks/UIKit.framework; sourceTree = SDKROOT; };
		DFB9D3101F64401A900F0CD2 /* CoreMedia.framework */ = {isa = PBXFileReference; explicitFileType = undefined; fileEncoding = 9; includeInIndex = 0; lastKnownFileType = wrapper.framework; name = CoreMedia.framework; path = System/Library/Frameworks/CoreMedia.framework; sourceTree = SDKROOT; };
		E1F1528C526B4983A66CB725 /* CDVVibration.h */ = {isa = PBXFileReference; explicitFileType = undefined; fileEncoding = 4; includeInIndex = 0; lastKnownFileType = sourcecode.c.h; name = CDVVibration.h; path = "cordova-plugin-vibration/CDVVibration.h"; sourceTree = "<group>"; };
		E70219D9B83740EABF1FA916 /* WTWikitudePlugin.m */ = {isa = PBXFileReference; explicitFileType = undefined; fileEncoding = 4; includeInIndex = 0; lastKnownFileType = sourcecode.c.objc; name = WTWikitudePlugin.m; path = com.wikitude.phonegap.WikitudePlugin/WTWikitudePlugin.m; sourceTree = "<group>"; };
		E7A8379419004CB096E35AE0 /* CDVInAppBrowser.h */ = {isa = PBXFileReference; explicitFileType = undefined; fileEncoding = 4; includeInIndex = 0; lastKnownFileType = sourcecode.c.h; name = CDVInAppBrowser.h; path = "cordova-plugin-inappbrowser/CDVInAppBrowser.h"; sourceTree = "<group>"; };
		EB87FDF31871DA8E0020F90C /* www */ = {isa = PBXFileReference; lastKnownFileType = folder; name = www; path = ../../www; sourceTree = "<group>"; };
		EB87FDF41871DAF40020F90C /* config.xml */ = {isa = PBXFileReference; lastKnownFileType = text.xml; name = config.xml; path = ../../config.xml; sourceTree = "<group>"; };
		ED33DF2A687741AEAF9F8254 /* Bridging-Header.h */ = {isa = PBXFileReference; fileEncoding = 4; lastKnownFileType = sourcecode.c.h; path = "Bridging-Header.h"; sourceTree = "<group>"; };
		F319A0C88A2E488FA33C0E8A /* CDVFileTransfer.h */ = {isa = PBXFileReference; explicitFileType = undefined; fileEncoding = 4; includeInIndex = 0; lastKnownFileType = sourcecode.c.h; name = CDVFileTransfer.h; path = "cordova-plugin-file-transfer/CDVFileTransfer.h"; sourceTree = "<group>"; };
		F3EA22A9B1B24DAD97DD6EA6 /* libWikitudeSDK-simulator.a */ = {isa = PBXFileReference; explicitFileType = undefined; fileEncoding = 9; includeInIndex = 0; lastKnownFileType = archive.ar; name = "libWikitudeSDK-simulator.a"; path = "AR1/Plugins/com.wikitude.phonegap.WikitudePlugin/libWikitudeSDK-simulator.a"; sourceTree = "<group>"; };
		F5F4E329D9CE403F99950D89 /* libc++.dylib */ = {isa = PBXFileReference; explicitFileType = undefined; fileEncoding = 9; includeInIndex = 0; lastKnownFileType = "compiled.mach-o.dylib"; name = "libc++.dylib"; path = "usr/lib/libc++.dylib"; sourceTree = SDKROOT; };
		F623B27BE49548C6822D7977 /* WTARViewController.h */ = {isa = PBXFileReference; explicitFileType = undefined; fileEncoding = 4; includeInIndex = 0; lastKnownFileType = sourcecode.c.h; name = WTARViewController.h; path = com.wikitude.phonegap.WikitudePlugin/WTARViewController.h; sourceTree = "<group>"; };
		F7B6F97C76134A0395BA12A1 /* CDVLocation.h */ = {isa = PBXFileReference; explicitFileType = undefined; fileEncoding = 4; includeInIndex = 0; lastKnownFileType = sourcecode.c.h; name = CDVLocation.h; path = "cordova-plugin-geolocation/CDVLocation.h"; sourceTree = "<group>"; };
		F840E1F0165FE0F500CFE078 /* config.xml */ = {isa = PBXFileReference; lastKnownFileType = text.xml; name = config.xml; path = AR1/config.xml; sourceTree = "<group>"; };
		FA4933AD3F8A4C39AFED058B /* CDVConnection.m */ = {isa = PBXFileReference; explicitFileType = undefined; fileEncoding = 4; includeInIndex = 0; lastKnownFileType = sourcecode.c.objc; name = CDVConnection.m; path = "cordova-plugin-network-information/CDVConnection.m"; sourceTree = "<group>"; };
		FE2B24D9E1DF4194900194B1 /* MediaPlayer.framework */ = {isa = PBXFileReference; explicitFileType = undefined; fileEncoding = 9; includeInIndex = 0; lastKnownFileType = wrapper.framework; name = MediaPlayer.framework; path = System/Library/Frameworks/MediaPlayer.framework; sourceTree = SDKROOT; };
/* End PBXFileReference section */

/* Begin PBXFrameworksBuildPhase section */
		1D60588F0D05DD3D006BFB54 /* Frameworks */ = {
			isa = PBXFrameworksBuildPhase;
			buildActionMask = 2147483647;
			files = (
				301BF552109A68D80062928A /* libCordova.a in Frameworks */,
				4708098FE15F47AB845CB3B7 /* libWikitudeSDK.a in Frameworks */,
				1384848C58B94166A3B7DCF1 /* libWikitudeSDK-simulator.a in Frameworks */,
				70ECDEBCB99E4C0A8940DE8E /* Accelerate.framework in Frameworks */,
				8E0CAEE9292F4D54823878BA /* AVFoundation.framework in Frameworks */,
				5912435AD9C748EE945F61C7 /* CFNetwork.framework in Frameworks */,
				4EAF4416BC7540B1A2D9069A /* CoreLocation.framework in Frameworks */,
				389E3C1E7A0D4CB0B29A535C /* CoreMedia.framework in Frameworks */,
				B6DB929CB738484EA7C9C359 /* CoreMotion.framework in Frameworks */,
				3C05845FF6784605BAA56F1B /* CoreText.framework in Frameworks */,
				DCE3EA11AF244F238F326ECF /* CoreVideo.framework in Frameworks */,
				3889183328124C0A86819457 /* Foundation.framework in Frameworks */,
				09D1AC672E49412789F57F04 /* MediaPlayer.framework in Frameworks */,
				65AF1A44DDAB4A06947BA01E /* OpenGLES.framework in Frameworks */,
				93A118FEEE8D447DAE0E2A73 /* QuartzCore.framework in Frameworks */,
				41F6DD3E4B044AFB8E2F9B57 /* Security.framework in Frameworks */,
				5CC9CB99BDC94983845ADFA3 /* SystemConfiguration.framework in Frameworks */,
				BEF401FEA1D447DEBAF23AFB /* UIKit.framework in Frameworks */,
				0EBA9C65A4EB45CE9993015C /* libc++.dylib in Frameworks */,
				B662F2333FDB427BA67150F4 /* libz.dylib in Frameworks */,
				F3BEB1C763BB430D84C15CFF /* ImageIO.framework in Frameworks */,
				B46A92C8D9684ADD9FA4EDF0 /* AddressBook.framework in Frameworks */,
				48CB7BC8CE204821B4BF108E /* AddressBookUI.framework in Frameworks */,
				82F49A63004A4141B70C1DB0 /* AudioToolbox.framework in Frameworks */,
				CBAC669CB8844B829E96D600 /* CoreTelephony.framework in Frameworks */,
			);
			runOnlyForDeploymentPostprocessing = 0;
		};
/* End PBXFrameworksBuildPhase section */

/* Begin PBXGroup section */
		080E96DDFE201D6D7F000001 /* Classes */ = {
			isa = PBXGroup;
			children = (
				302D95EE14D2391D003F00A1 /* MainViewController.h */,
				302D95EF14D2391D003F00A1 /* MainViewController.m */,
				302D95F014D2391D003F00A1 /* MainViewController.xib */,
				1D3623240D0F684500981E51 /* AppDelegate.h */,
				1D3623250D0F684500981E51 /* AppDelegate.m */,
			);
			name = Classes;
			path = AR1/Classes;
			sourceTree = SOURCE_ROOT;
		};
		19C28FACFE9D520D11CA2CBB /* Products */ = {
			isa = PBXGroup;
			children = (
				1D6058910D05DD3D006BFB54 /* AR1.app */,
			);
			name = Products;
			sourceTree = "<group>";
		};
		29B97314FDCFA39411CA2CEA /* CustomTemplate */ = {
			isa = PBXGroup;
			children = (
				EB87FDF41871DAF40020F90C /* config.xml */,
				EB87FDF31871DA8E0020F90C /* www */,
				EB87FDF11871DA420020F90C /* Staging */,
				301BF52D109A57CC0062928A /* CordovaLib.xcodeproj */,
				080E96DDFE201D6D7F000001 /* Classes */,
				307C750510C5A3420062BCA9 /* Plugins */,
				29B97315FDCFA39411CA2CEA /* Other Sources */,
				29B97317FDCFA39411CA2CEA /* Resources */,
				29B97323FDCFA39411CA2CEA /* Frameworks */,
				19C28FACFE9D520D11CA2CBB /* Products */,
			);
			name = CustomTemplate;
			sourceTree = "<group>";
		};
		29B97315FDCFA39411CA2CEA /* Other Sources */ = {
			isa = PBXGroup;
			children = (
				32CA4F630368D1EE00C91783 /* AR1-Prefix.pch */,
				29B97316FDCFA39411CA2CEA /* main.m */,
				ED33DF2A687741AEAF9F8254 /* Bridging-Header.h */,
			);
			name = "Other Sources";
			path = AR1;
			sourceTree = "<group>";
		};
		29B97317FDCFA39411CA2CEA /* Resources */ = {
			isa = PBXGroup;
			children = (
				0207DA571B56EA530066E2B4 /* Images.xcassets */,
				3047A50E1AB8057F00498E2A /* config */,
				8D1107310486CEB800E47090 /* AR1-Info.plist */,
				66EE77DABFB842FD95A60690 /* CDVNotification.bundle */,
				5EFB371E04414C68910B2AAD /* CDVCapture.bundle */,
			);
			name = Resources;
			path = AR1/Resources;
			sourceTree = "<group>";
		};
		29B97323FDCFA39411CA2CEA /* Frameworks */ = {
			isa = PBXGroup;
			children = (
				956A45F6CEFE4E8085377D82 /* libWikitudeSDK.a */,
				F3EA22A9B1B24DAD97DD6EA6 /* libWikitudeSDK-simulator.a */,
				D7637C3AC44C4ADA88E30161 /* Accelerate.framework */,
				19AC0037E31444A6A7C802AD /* AVFoundation.framework */,
				08D9B8FFC47F437EA7C08A82 /* CFNetwork.framework */,
				D9B0D771BA154EC382CE3F12 /* CoreLocation.framework */,
				DFB9D3101F64401A900F0CD2 /* CoreMedia.framework */,
				84B20434154D4650A098F8A9 /* CoreMotion.framework */,
				7029A5802D6A44D5A2E47ADC /* CoreText.framework */,
				C2C35025B42E47D08DBED640 /* CoreVideo.framework */,
				16F38C31688C4E359D2C2BD7 /* Foundation.framework */,
				FE2B24D9E1DF4194900194B1 /* MediaPlayer.framework */,
				11A1D9166C984BA6A4FE9C11 /* OpenGLES.framework */,
				6364E1F936C54433B7564725 /* QuartzCore.framework */,
				C9830B62D3914205B20FC0D8 /* Security.framework */,
				22296A8D5C114629954663ED /* SystemConfiguration.framework */,
				DC47F9AA83464FDD82421CB3 /* UIKit.framework */,
				F5F4E329D9CE403F99950D89 /* libc++.dylib */,
				8D04665C8BE54634AA64D0CC /* libz.dylib */,
				1157066061AD4561AC93F09F /* ImageIO.framework */,
				B9F13B671636496899D8484B /* AddressBook.framework */,
				423F4B9CDF69496ABAC4829D /* AddressBookUI.framework */,
				3003DED112BC4FB59604EB0B /* AudioToolbox.framework */,
				AA41B32EF4214FA697E585CC /* CoreTelephony.framework */,
			);
			name = Frameworks;
			sourceTree = "<group>";
		};
		301BF52E109A57CC0062928A /* Products */ = {
			isa = PBXGroup;
			children = (
				301BF535109A57CC0062928A /* libCordova.a */,
			);
			name = Products;
			sourceTree = "<group>";
		};
		3047A50E1AB8057F00498E2A /* config */ = {
			isa = PBXGroup;
			children = (
				3047A50F1AB8059700498E2A /* build-debug.xcconfig */,
				3047A5101AB8059700498E2A /* build-release.xcconfig */,
				3047A5111AB8059700498E2A /* build.xcconfig */,
			);
			name = config;
			sourceTree = "<group>";
		};
		307C750510C5A3420062BCA9 /* Plugins */ = {
			isa = PBXGroup;
			children = (
				E70219D9B83740EABF1FA916 /* WTWikitudePlugin.m */,
				B028083C2F944B38B19496AE /* WTARViewController.m */,
				CD2CA66C1FBD47AF9F1A9F01 /* WTWikitudePlugin.h */,
				F623B27BE49548C6822D7977 /* WTARViewController.h */,
				47C83149B5DA42A1B494EAC5 /* WikitudeSDK.h */,
				523BFB4770CD45CCA91C6977 /* WTArchitectView.h */,
				607942D79E144DA8B3663659 /* WTNavigation.h */,
				CFC93D9CD95145AB8B8421CF /* WTStartupConfiguration.h */,
				A7E7159048CB4506A21AA900 /* WTArchitectViewDebugDelegate.h */,
				1BF796FB5D8448FCAD363847 /* WTWikitudeTypes.h */,
				0DAB10BD24124F40A546F3C6 /* CDVBattery.m */,
				1761F9C06E924AE7A9839D38 /* CDVBattery.h */,
				31E7DBCADFDD4D468FED7386 /* UIImage+CropScaleOrientation.m */,
				A156A569DEE842BFA8A2F53B /* CDVCamera.m */,
				1A49BF094AD04EDDAEFDCC34 /* CDVJpegHeaderWriter.m */,
				548CB8F446654B82A16E3861 /* UIImage+CropScaleOrientation.h */,
				5818E501066C4058957E62F8 /* CDVCamera.h */,
				9B2CB109090C4E57B8604976 /* CDVJpegHeaderWriter.h */,
				D25C4858C3A44F85AFFC3166 /* CDVExif.h */,
				72FA5EAF3FB0482281F0A7E1 /* CDVLogger.m */,
				9E93E305FEC94EEFA22322BA /* CDVLogger.h */,
				B3C6E61768B947D8B27E7975 /* CDVContacts.m */,
				36E3061EAADE4B639CDE96D0 /* CDVContact.m */,
				8380A12700634344A2351BD7 /* CDVContacts.h */,
				3E75EFBC494C4DAEB724C6F4 /* CDVContact.h */,
				9973D384FACC4FF7A86CC21F /* CDVDevice.m */,
				CE40432D447340D7BF5E1376 /* CDVDevice.h */,
				79694FB3B4E242BCA3D7A01D /* CDVAccelerometer.m */,
				CD0ABBAA73FA4C29877CE509 /* CDVAccelerometer.h */,
				102CC136AE28499C8AF68D0C /* CDVCompass.m */,
				92D13645D4B34C7DAC125A17 /* CDVCompass.h */,
				D40A4001882642FAB2A0E71D /* CDVNotification.m */,
				5044119BD8694FC2B3BECBF8 /* CDVNotification.h */,
				D28FAB8BB1164FF2AE841D70 /* CDVFile.m */,
				3DFE87D113B1418DB4B91E05 /* CDVLocalFilesystem.m */,
				D13A4F2D0FD645C0BE63F7A4 /* CDVAssetLibraryFilesystem.m */,
				D52170450EB34F1AAE834197 /* CDVFile.h */,
				BB5A539EDCAE4634B3D2FE40 /* CDVLocalFilesystem.h */,
				BB5427F06FAF45C0ABA7270F /* CDVAssetLibraryFilesystem.h */,
				B894BBC7682F46949ADF82E8 /* CDVFileTransfer.m */,
				F319A0C88A2E488FA33C0E8A /* CDVFileTransfer.h */,
				972FFDF9ECA243FFB6710345 /* CDVLocation.m */,
				F7B6F97C76134A0395BA12A1 /* CDVLocation.h */,
				661461B60F174DCCAD94237D /* CDVGlobalization.m */,
				235A106A46584F54AFC73B40 /* CDVGlobalization.h */,
				8DDEBE5B1811480AAECBD068 /* CDVInAppBrowser.m */,
				E7A8379419004CB096E35AE0 /* CDVInAppBrowser.h */,
				278EE5E2651E49E3A01EDE59 /* CDVSound.m */,
				349C05DC24C34595926E34D6 /* CDVSound.h */,
				6B8BF347CA8F40A1B2B513A7 /* CDVCapture.m */,
				C5C34A413E04458CA2CD2306 /* CDVCapture.h */,
				FA4933AD3F8A4C39AFED058B /* CDVConnection.m */,
				26A3DF88F9034CEC9199A661 /* CDVReachability.m */,
				85C63D55A451464687055335 /* CDVConnection.h */,
				A2CE1D856F8D4072BA38405A /* CDVReachability.h */,
				4F2D23FBE9BE45ED8E1C1248 /* CDVSplashScreen.m */,
				84B7B2C802974CBD8B3A1522 /* CDVViewController+SplashScreen.m */,
				A5877D965D4E431CB3FCB9C0 /* CDVSplashScreen.h */,
				1A19BC3AFB74429AA0572A56 /* CDVViewController+SplashScreen.h */,
				23E4FE1296254F5BBC4ABF3F /* CDVStatusBar.m */,
				246B7EB3AB7C42BA92822CB9 /* CDVStatusBar.h */,
				0D67CB89CC70412C973194E2 /* CDVVibration.m */,
				E1F1528C526B4983A66CB725 /* CDVVibration.h */,
			);
			name = Plugins;
			path = AR1/Plugins;
			sourceTree = SOURCE_ROOT;
		};
		EB87FDF11871DA420020F90C /* Staging */ = {
			isa = PBXGroup;
			children = (
				F840E1F0165FE0F500CFE078 /* config.xml */,
				301BF56E109A69640062928A /* www */,
			);
			name = Staging;
			sourceTree = "<group>";
		};
/* End PBXGroup section */

/* Begin PBXNativeTarget section */
		1D6058900D05DD3D006BFB54 /* AR1 */ = {
			isa = PBXNativeTarget;
			buildConfigurationList = 1D6058960D05DD3E006BFB54 /* Build configuration list for PBXNativeTarget "AR1" */;
			buildPhases = (
				304B58A110DAC018002A0835 /* Copy www directory */,
				1D60588D0D05DD3D006BFB54 /* Resources */,
				1D60588E0D05DD3D006BFB54 /* Sources */,
				1D60588F0D05DD3D006BFB54 /* Frameworks */,
			);
			buildRules = (
			);
			dependencies = (
				301BF551109A68C00062928A /* PBXTargetDependency */,
			);
			name = AR1;
			productName = AR1;
			productReference = 1D6058910D05DD3D006BFB54 /* AR1.app */;
			productType = "com.apple.product-type.application";
		};
/* End PBXNativeTarget section */

/* Begin PBXProject section */
		29B97313FDCFA39411CA2CEA /* Project object */ = {
			isa = PBXProject;
			attributes = {
				LastUpgradeCheck = 510;
				TargetAttributes = {
					1D6058900D05DD3D006BFB54 = {
						DevelopmentTeam = 3S88UKJ7JY;
					};
				};
			};
			buildConfigurationList = C01FCF4E08A954540054247B /* Build configuration list for PBXProject "AR1" */;
			compatibilityVersion = "Xcode 3.2";
			developmentRegion = English;
			hasScannedForEncodings = 1;
			knownRegions = (
				en,
			);
			mainGroup = 29B97314FDCFA39411CA2CEA /* CustomTemplate */;
			projectDirPath = "";
			projectReferences = (
				{
					ProductGroup = 301BF52E109A57CC0062928A /* Products */;
					ProjectRef = 301BF52D109A57CC0062928A /* CordovaLib.xcodeproj */;
				},
			);
			projectRoot = "";
			targets = (
				1D6058900D05DD3D006BFB54 /* AR1 */,
			);
		};
/* End PBXProject section */

/* Begin PBXReferenceProxy section */
		301BF535109A57CC0062928A /* libCordova.a */ = {
			isa = PBXReferenceProxy;
			fileType = archive.ar;
			path = libCordova.a;
			remoteRef = 301BF534109A57CC0062928A /* PBXContainerItemProxy */;
			sourceTree = BUILT_PRODUCTS_DIR;
		};
/* End PBXReferenceProxy section */

/* Begin PBXResourcesBuildPhase section */
		1D60588D0D05DD3D006BFB54 /* Resources */ = {
			isa = PBXResourcesBuildPhase;
			buildActionMask = 2147483647;
			files = (
				302D95F214D2391D003F00A1 /* MainViewController.xib in Resources */,
				3047A5131AB8059700498E2A /* build-release.xcconfig in Resources */,
				3047A5141AB8059700498E2A /* build.xcconfig in Resources */,
				0207DA581B56EA530066E2B4 /* Images.xcassets in Resources */,
				3047A5121AB8059700498E2A /* build-debug.xcconfig in Resources */,
				27BAA1C9E0784E73A604B0A1 /* CDVNotification.bundle in Resources */,
				D362F76757554B79A6AC1ED8 /* CDVCapture.bundle in Resources */,
			);
			runOnlyForDeploymentPostprocessing = 0;
		};
/* End PBXResourcesBuildPhase section */

/* Begin PBXShellScriptBuildPhase section */
		304B58A110DAC018002A0835 /* Copy www directory */ = {
			isa = PBXShellScriptBuildPhase;
			buildActionMask = 2147483647;
			files = (
			);
			inputPaths = (
			);
			name = "Copy www directory";
			outputPaths = (
			);
			runOnlyForDeploymentPostprocessing = 0;
			shellPath = /bin/sh;
			shellScript = "NODEJS_PATH=/usr/local/bin; NVM_NODE_PATH=~/.nvm/versions/node/`nvm version 2>/dev/null`/bin; N_NODE_PATH=`find /usr/local/n/versions/node/* -maxdepth 0 -type d 2>/dev/null | tail -1`/bin; XCODE_NODE_PATH=`xcode-select --print-path`/usr/share/xcs/Node/bin; PATH=$NODEJS_PATH:$NVM_NODE_PATH:$N_NODE_PATH:$XCODE_NODE_PATH:$PATH && node cordova/lib/copy-www-build-step.js";
			showEnvVarsInLog = 0;
		};
/* End PBXShellScriptBuildPhase section */

/* Begin PBXSourcesBuildPhase section */
		1D60588E0D05DD3D006BFB54 /* Sources */ = {
			isa = PBXSourcesBuildPhase;
			buildActionMask = 2147483647;
			files = (
				1D60589B0D05DD56006BFB54 /* main.m in Sources */,
				1D3623260D0F684500981E51 /* AppDelegate.m in Sources */,
				302D95F114D2391D003F00A1 /* MainViewController.m in Sources */,
				F13C6E7144544AB4AA04A1E8 /* WTWikitudePlugin.m in Sources */,
				16E26A74A2B74666BA6822AA /* WTARViewController.m in Sources */,
				2CD14C7EA4D342DFB3C469DB /* CDVBattery.m in Sources */,
				3057912D06EF48C3B3B0B62A /* UIImage+CropScaleOrientation.m in Sources */,
				0E8501AAB3B84E12AF59CEFF /* CDVCamera.m in Sources */,
				85EDDBA667784448A3D929C2 /* CDVJpegHeaderWriter.m in Sources */,
				C9BC64DC080B47D9AE46EB58 /* CDVLogger.m in Sources */,
				25DCC55C12AA40B58EAFB4F0 /* CDVContacts.m in Sources */,
				DD8A90BF75E84920B8E652D4 /* CDVContact.m in Sources */,
				0032088691094C26A1F301F4 /* CDVDevice.m in Sources */,
				0A0AA8ED4E704FCB82A87CBF /* CDVAccelerometer.m in Sources */,
				A747A8DAB53F47CC8F6384E6 /* CDVCompass.m in Sources */,
				08A05E14C5264FC291809F67 /* CDVNotification.m in Sources */,
				EF71BEB80CC14EE5A7414275 /* CDVFile.m in Sources */,
				F075FB7EA7E14B80B8994D3A /* CDVLocalFilesystem.m in Sources */,
				E6FE3ED75B104F02826DB100 /* CDVAssetLibraryFilesystem.m in Sources */,
				ED20201D0D6E411A9BB8183C /* CDVFileTransfer.m in Sources */,
				B241BF35135F42F6A945B953 /* CDVLocation.m in Sources */,
				D075B1FB6D424B878BD44BB9 /* CDVGlobalization.m in Sources */,
				F38319558FC84E36831D9026 /* CDVInAppBrowser.m in Sources */,
				1979FCDD6BA04C39A57B682E /* CDVSound.m in Sources */,
				BE74BAE6C63C4C91B4BABCA8 /* CDVCapture.m in Sources */,
				0ABC306C5866421FAB9485C4 /* CDVConnection.m in Sources */,
				3407EC28003D442D98C063FA /* CDVReachability.m in Sources */,
				EBE063E1FA2D43979EA2F1D2 /* CDVSplashScreen.m in Sources */,
				EE6D69F3431F493192A0F7ED /* CDVViewController+SplashScreen.m in Sources */,
				15A7E66365B94A8381569ECF /* CDVStatusBar.m in Sources */,
				5994E9BF33284CD1BB2D529A /* CDVVibration.m in Sources */,
			);
			runOnlyForDeploymentPostprocessing = 0;
		};
/* End PBXSourcesBuildPhase section */

/* Begin PBXTargetDependency section */
		301BF551109A68C00062928A /* PBXTargetDependency */ = {
			isa = PBXTargetDependency;
			name = CordovaLib;
			targetProxy = 301BF550109A68C00062928A /* PBXContainerItemProxy */;
		};
/* End PBXTargetDependency section */

/* Begin XCBuildConfiguration section */
		1D6058940D05DD3E006BFB54 /* Debug */ = {
			isa = XCBuildConfiguration;
			baseConfigurationReference = 3047A50F1AB8059700498E2A /* build-debug.xcconfig */;
			buildSettings = {
				ALWAYS_SEARCH_USER_PATHS = NO;
				ASSETCATALOG_COMPILER_APPICON_NAME = AppIcon;
				ASSETCATALOG_COMPILER_LAUNCHIMAGE_NAME = LaunchImage;
				CLANG_ENABLE_MODULES = YES;
				CLANG_ENABLE_OBJC_ARC = YES;
				COPY_PHASE_STRIP = NO;
				DEVELOPMENT_TEAM = 3S88UKJ7JY;
				GCC_DYNAMIC_NO_PIC = NO;
				GCC_OPTIMIZATION_LEVEL = 0;
				GCC_PRECOMPILE_PREFIX_HEADER = YES;
				GCC_PREFIX_HEADER = "AR1/AR1-Prefix.pch";
				GCC_THUMB_SUPPORT = NO;
				GCC_VERSION = "";
				INFOPLIST_FILE = "AR1/AR1-Info.plist";
				LD_RUNPATH_SEARCH_PATHS = "@executable_path/Frameworks";
				LIBRARY_SEARCH_PATHS = (
					"$(inherited)",
					"\"$(SRCROOT)/AR1/Plugins/com.wikitude.phonegap.WikitudePlugin\"",
					"\"$(SRCROOT)/AR1/Plugins/com.wikitude.phonegap.WikitudePlugin\"",
				);
				PRODUCT_NAME = AR1;
			};
			name = Debug;
		};
		1D6058950D05DD3E006BFB54 /* Release */ = {
			isa = XCBuildConfiguration;
			baseConfigurationReference = 3047A5101AB8059700498E2A /* build-release.xcconfig */;
			buildSettings = {
				ALWAYS_SEARCH_USER_PATHS = NO;
				ASSETCATALOG_COMPILER_APPICON_NAME = AppIcon;
				ASSETCATALOG_COMPILER_LAUNCHIMAGE_NAME = LaunchImage;
				CLANG_ENABLE_MODULES = YES;
				CLANG_ENABLE_OBJC_ARC = YES;
				COPY_PHASE_STRIP = YES;
				DEVELOPMENT_TEAM = 3S88UKJ7JY;
				GCC_PRECOMPILE_PREFIX_HEADER = YES;
				GCC_PREFIX_HEADER = "AR1/AR1-Prefix.pch";
				GCC_THUMB_SUPPORT = NO;
				GCC_VERSION = "";
				INFOPLIST_FILE = "AR1/AR1-Info.plist";
				LIBRARY_SEARCH_PATHS = (
					"$(inherited)",
					"\"$(SRCROOT)/AR1/Plugins/com.wikitude.phonegap.WikitudePlugin\"",
					"\"$(SRCROOT)/AR1/Plugins/com.wikitude.phonegap.WikitudePlugin\"",
				);
				PRODUCT_NAME = AR1;
			};
			name = Release;
		};
		C01FCF4F08A954540054247B /* Debug */ = {
			isa = XCBuildConfiguration;
			baseConfigurationReference = 3047A5111AB8059700498E2A /* build.xcconfig */;
			buildSettings = {
				CLANG_ENABLE_MODULES = YES;
				CLANG_ENABLE_OBJC_ARC = YES;
				CLANG_WARN_BOOL_CONVERSION = YES;
				CLANG_WARN_CONSTANT_CONVERSION = YES;
				CLANG_WARN_EMPTY_BODY = YES;
				CLANG_WARN_ENUM_CONVERSION = YES;
				CLANG_WARN_INT_CONVERSION = YES;
				CLANG_WARN__DUPLICATE_METHOD_MATCH = YES;
				GCC_C_LANGUAGE_STANDARD = c99;
				GCC_THUMB_SUPPORT = NO;
				GCC_VERSION = "";
				GCC_WARN_ABOUT_RETURN_TYPE = YES;
				GCC_WARN_UNDECLARED_SELECTOR = YES;
				GCC_WARN_UNINITIALIZED_AUTOS = YES;
				GCC_WARN_UNUSED_FUNCTION = YES;
				GCC_WARN_UNUSED_VARIABLE = YES;
				ONLY_ACTIVE_ARCH = YES;
				SDKROOT = iphoneos;
				SKIP_INSTALL = NO;
			};
			name = Debug;
		};
		C01FCF5008A954540054247B /* Release */ = {
			isa = XCBuildConfiguration;
			baseConfigurationReference = 3047A5111AB8059700498E2A /* build.xcconfig */;
			buildSettings = {
				CLANG_ENABLE_MODULES = YES;
				CLANG_ENABLE_OBJC_ARC = YES;
				CLANG_WARN_BOOL_CONVERSION = YES;
				CLANG_WARN_CONSTANT_CONVERSION = YES;
				CLANG_WARN_EMPTY_BODY = YES;
				CLANG_WARN_ENUM_CONVERSION = YES;
				CLANG_WARN_INT_CONVERSION = YES;
				CLANG_WARN__DUPLICATE_METHOD_MATCH = YES;
				GCC_C_LANGUAGE_STANDARD = c99;
				GCC_THUMB_SUPPORT = NO;
				GCC_VERSION = "";
				GCC_WARN_ABOUT_RETURN_TYPE = YES;
				GCC_WARN_UNDECLARED_SELECTOR = YES;
				GCC_WARN_UNINITIALIZED_AUTOS = YES;
				GCC_WARN_UNUSED_FUNCTION = YES;
				GCC_WARN_UNUSED_VARIABLE = YES;
				SDKROOT = iphoneos;
				SKIP_INSTALL = NO;
			};
			name = Release;
		};
/* End XCBuildConfiguration section */

/* Begin XCConfigurationList section */
		1D6058960D05DD3E006BFB54 /* Build configuration list for PBXNativeTarget "AR1" */ = {
			isa = XCConfigurationList;
			buildConfigurations = (
				1D6058940D05DD3E006BFB54 /* Debug */,
				1D6058950D05DD3E006BFB54 /* Release */,
			);
			defaultConfigurationIsVisible = 0;
			defaultConfigurationName = Release;
		};
		C01FCF4E08A954540054247B /* Build configuration list for PBXProject "AR1" */ = {
			isa = XCConfigurationList;
			buildConfigurations = (
				C01FCF4F08A954540054247B /* Debug */,
				C01FCF5008A954540054247B /* Release */,
			);
			defaultConfigurationIsVisible = 0;
			defaultConfigurationName = Release;
		};
/* End XCConfigurationList section */
	};
	rootObject = 29B97313FDCFA39411CA2CEA /* Project object */;
}
